
Microsoft Visual Studio Solution File, Format Version 12.00
# Visual Studio Version 17
VisualStudioVersion = 17.0.31903.59
MinimumVisualStudioVersion = 10.0.40219.1
Project("{2150E333-8FDC-42A3-9474-1A3956D46DE8}") = "src", "src", "{53BE9E25-0BB2-4B48-9CA7-B4EB687F1B8C}"
EndProject
Project("{FAE04EC0-301F-11D3-BF4B-00C04F79EFBC}") = "MySpot.Api", "src\MySpot.Api\MySpot.Api.csproj", "{AF4363FE-3672-48EA-A911-2F2C94A7A92C}"
EndProject
Project("{2150E333-8FDC-42A3-9474-1A3956D46DE8}") = "tests", "tests", "{A03D52D2-3B10-47FA-B542-1E42DE02A0D0}"
EndProject
Project("{FAE04EC0-301F-11D3-BF4B-00C04F79EFBC}") = "MySpot.Tests.Unit", "tests\MySpot.Tests.Unit\MySpot.Tests.Unit.csproj", "{53FF50E9-76BB-468C-8CBB-3711C74A772A}"
EndProject
Project("{FAE04EC0-301F-11D3-BF4B-00C04F79EFBC}") = "MySpot.Core", "src\MySpot.Core\MySpot.Core.csproj", "{DEACBC93-835E-4AF9-A650-AB81530FAD64}"
EndProject
Project("{FAE04EC0-301F-11D3-BF4B-00C04F79EFBC}") = "MySpot.Application", "src\MySpot.Application\MySpot.Application.csproj", "{8A4ACE8A-58C5-4EFE-A8EF-9651CC6AEF78}"
EndProject
Project("{FAE04EC0-301F-11D3-BF4B-00C04F79EFBC}") = "MySpot.Infrastructure", "src\MySpot.Infrastructure\MySpot.Infrastructure.csproj", "{6846CB5D-6C3C-4014-A468-D9083CA730EA}"
EndProject
Global
	GlobalSection(SolutionConfigurationPlatforms) = preSolution
		Debug|Any CPU = Debug|Any CPU
		Release|Any CPU = Release|Any CPU
	EndGlobalSection
	GlobalSection(SolutionProperties) = preSolution
		HideSolutionNode = FALSE
	EndGlobalSection
	GlobalSection(ProjectConfigurationPlatforms) = postSolution
		{AF4363FE-3672-48EA-A911-2F2C94A7A92C}.Debug|Any CPU.ActiveCfg = Debug|Any CPU
		{AF4363FE-3672-48EA-A911-2F2C94A7A92C}.Debug|Any CPU.Build.0 = Debug|Any CPU
		{AF4363FE-3672-48EA-A911-2F2C94A7A92C}.Release|Any CPU.ActiveCfg = Release|Any CPU
		{AF4363FE-3672-48EA-A911-2F2C94A7A92C}.Release|Any CPU.Build.0 = Release|Any CPU
		{53FF50E9-76BB-468C-8CBB-3711C74A772A}.Debug|Any CPU.ActiveCfg = Debug|Any CPU
		{53FF50E9-76BB-468C-8CBB-3711C74A772A}.Debug|Any CPU.Build.0 = Debug|Any CPU
		{53FF50E9-76BB-468C-8CBB-3711C74A772A}.Release|Any CPU.ActiveCfg = Release|Any CPU
		{53FF50E9-76BB-468C-8CBB-3711C74A772A}.Release|Any CPU.Build.0 = Release|Any CPU
		{DEACBC93-835E-4AF9-A650-AB81530FAD64}.Debug|Any CPU.ActiveCfg = Debug|Any CPU
		{DEACBC93-835E-4AF9-A650-AB81530FAD64}.Debug|Any CPU.Build.0 = Debug|Any CPU
		{DEACBC93-835E-4AF9-A650-AB81530FAD64}.Release|Any CPU.ActiveCfg = Release|Any CPU
		{DEACBC93-835E-4AF9-A650-AB81530FAD64}.Release|Any CPU.Build.0 = Release|Any CPU
		{8A4ACE8A-58C5-4EFE-A8EF-9651CC6AEF78}.Debug|Any CPU.ActiveCfg = Debug|Any CPU
		{8A4ACE8A-58C5-4EFE-A8EF-9651CC6AEF78}.Debug|Any CPU.Build.0 = Debug|Any CPU
		{8A4ACE8A-58C5-4EFE-A8EF-9651CC6AEF78}.Release|Any CPU.ActiveCfg = Release|Any CPU
		{8A4ACE8A-58C5-4EFE-A8EF-9651CC6AEF78}.Release|Any CPU.Build.0 = Release|Any CPU
		{6846CB5D-6C3C-4014-A468-D9083CA730EA}.Debug|Any CPU.ActiveCfg = Debug|Any CPU
		{6846CB5D-6C3C-4014-A468-D9083CA730EA}.Debug|Any CPU.Build.0 = Debug|Any CPU
		{6846CB5D-6C3C-4014-A468-D9083CA730EA}.Release|Any CPU.ActiveCfg = Release|Any CPU
		{6846CB5D-6C3C-4014-A468-D9083CA730EA}.Release|Any CPU.Build.0 = Release|Any CPU
	EndGlobalSection
	GlobalSection(NestedProjects) = preSolution
		{AF4363FE-3672-48EA-A911-2F2C94A7A92C} = {53BE9E25-0BB2-4B48-9CA7-B4EB687F1B8C}
		{53FF50E9-76BB-468C-8CBB-3711C74A772A} = {A03D52D2-3B10-47FA-B542-1E42DE02A0D0}
		{DEACBC93-835E-4AF9-A650-AB81530FAD64} = {53BE9E25-0BB2-4B48-9CA7-B4EB687F1B8C}
		{8A4ACE8A-58C5-4EFE-A8EF-9651CC6AEF78} = {53BE9E25-0BB2-4B48-9CA7-B4EB687F1B8C}
		{6846CB5D-6C3C-4014-A468-D9083CA730EA} = {53BE9E25-0BB2-4B48-9CA7-B4EB687F1B8C}
	EndGlobalSection
EndGlobal
